
Microsoft Visual Studio Solution File, Format Version 12.00
# Visual Studio Version 16
VisualStudioVersion = 16.0.30406.217
MinimumVisualStudioVersion = 10.0.40219.1
Project("{FAE04EC0-301F-11D3-BF4B-00C04F79EFBC}") = "Creatim Naloga", "Creatim Naloga.csproj", "{920DADE2-A676-4827-9AB7-F4DFFC5A953B}"
EndProject
Global
	GlobalSection(SolutionConfigurationPlatforms) = preSolution
		Debug|Any CPU = Debug|Any CPU
		Release|Any CPU = Release|Any CPU
	EndGlobalSection
	GlobalSection(ProjectConfigurationPlatforms) = postSolution
		{920DADE2-A676-4827-9AB7-F4DFFC5A953B}.Debug|Any CPU.ActiveCfg = Debug|Any CPU
		{920DADE2-A676-4827-9AB7-F4DFFC5A953B}.Debug|Any CPU.Build.0 = Debug|Any CPU
		{920DADE2-A676-4827-9AB7-F4DFFC5A953B}.Release|Any CPU.ActiveCfg = Release|Any CPU
		{920DADE2-A676-4827-9AB7-F4DFFC5A953B}.Release|Any CPU.Build.0 = Release|Any CPU
	EndGlobalSection
	GlobalSection(SolutionProperties) = preSolution
		HideSolutionNode = FALSE
	EndGlobalSection
	GlobalSection(ExtensibilityGlobals) = postSolution
		SolutionGuid = {B23AF0F1-2453-4541-A33E-F560A92AD352}
	EndGlobalSection
EndGlobal
